
Microsoft Visual Studio Solution File, Format Version 12.00
# Visual Studio 2012
Project("{FAE04EC0-301F-11D3-BF4B-00C04F79EFBC}") = "01.HelloMethod", "01.HelloMethod\01.HelloMethod.csproj", "{0C4FA032-F6C0-4B81-96EB-E9524C6681AB}"
EndProject
Project("{FAE04EC0-301F-11D3-BF4B-00C04F79EFBC}") = "02.GetMaxMethod", "02.GetMaxMethod\02.GetMaxMethod.csproj", "{1D191442-B0A5-4202-BA0D-7FE5872291CF}"
EndProject
Project("{FAE04EC0-301F-11D3-BF4B-00C04F79EFBC}") = "03.LastDigitAsWord", "03.LastDigitAsWord\03.LastDigitAsWord.csproj", "{1617AF51-60DF-4BD8-B577-EC69D7E713D0}"
EndProject
Project("{FAE04EC0-301F-11D3-BF4B-00C04F79EFBC}") = "04.0.NumberOfAppearances", "04.NumberOfAppearances\04.0.NumberOfAppearances.csproj", "{05C8D945-B22F-4E98-9C10-86826E8AFE7A}"
EndProject
Project("{FAE04EC0-301F-11D3-BF4B-00C04F79EFBC}") = "04.1.AppearanceCountTest", "AppearanceCountTest\04.1.AppearanceCountTest.csproj", "{D00BC0BB-9338-4BDB-AA46-1BDE54077818}"
EndProject
Project("{FAE04EC0-301F-11D3-BF4B-00C04F79EFBC}") = "05.BiggerThanNeighbours", "05.BiggerThanNeighbours\05.BiggerThanNeighbours.csproj", "{4194FD46-19BE-48C3-9806-80FD371F5883}"
EndProject
Project("{FAE04EC0-301F-11D3-BF4B-00C04F79EFBC}") = "06.IsBiggerIndex", "06.IsBiggerIndex\06.IsBiggerIndex.csproj", "{D5BAF917-A6E5-4D7D-BBA4-ACDC172401A6}"
EndProject
Project("{FAE04EC0-301F-11D3-BF4B-00C04F79EFBC}") = "07.ReverseNumbers", "07.ReverseNumbers\07.ReverseNumbers.csproj", "{46C31C68-F544-483D-98FA-EADA2F849910}"
EndProject
Project("{FAE04EC0-301F-11D3-BF4B-00C04F79EFBC}") = "08.ArraysOfDigits", "08.ArraysOfDigits\08.ArraysOfDigits.csproj", "{066306F0-67E9-43CE-9403-82BA724DDDE9}"
EndProject
Project("{FAE04EC0-301F-11D3-BF4B-00C04F79EFBC}") = "09.MaxElementInPortion", "09.MaxElementInPortion\09.MaxElementInPortion.csproj", "{0A8D691B-E5AC-417D-9CFC-EDFA4558DFF1}"
EndProject
Project("{FAE04EC0-301F-11D3-BF4B-00C04F79EFBC}") = "13.MultiTaskProgram", "13.MultiTaskProgram\13.MultiTaskProgram.csproj", "{C33F1388-65B5-4B84-AB90-CFC0E7616D8B}"
EndProject
Project("{FAE04EC0-301F-11D3-BF4B-00C04F79EFBC}") = "14.ParamsMethods", "14.ParamsMethods\14.ParamsMethods.csproj", "{1ED4780A-9C83-48D3-8D26-DDBDFA32506D}"
EndProject
Project("{FAE04EC0-301F-11D3-BF4B-00C04F79EFBC}") = "15.GenericMethod", "15.GenericMethod\15.GenericMethod.csproj", "{667BC8A2-C6D9-40B7-8CB4-F1D4745EA018}"
EndProject
Global
	GlobalSection(SolutionConfigurationPlatforms) = preSolution
		Debug|Any CPU = Debug|Any CPU
		Release|Any CPU = Release|Any CPU
	EndGlobalSection
	GlobalSection(ProjectConfigurationPlatforms) = postSolution
		{0C4FA032-F6C0-4B81-96EB-E9524C6681AB}.Debug|Any CPU.ActiveCfg = Debug|Any CPU
		{0C4FA032-F6C0-4B81-96EB-E9524C6681AB}.Debug|Any CPU.Build.0 = Debug|Any CPU
		{0C4FA032-F6C0-4B81-96EB-E9524C6681AB}.Release|Any CPU.ActiveCfg = Release|Any CPU
		{0C4FA032-F6C0-4B81-96EB-E9524C6681AB}.Release|Any CPU.Build.0 = Release|Any CPU
		{1D191442-B0A5-4202-BA0D-7FE5872291CF}.Debug|Any CPU.ActiveCfg = Debug|Any CPU
		{1D191442-B0A5-4202-BA0D-7FE5872291CF}.Debug|Any CPU.Build.0 = Debug|Any CPU
		{1D191442-B0A5-4202-BA0D-7FE5872291CF}.Release|Any CPU.ActiveCfg = Release|Any CPU
		{1D191442-B0A5-4202-BA0D-7FE5872291CF}.Release|Any CPU.Build.0 = Release|Any CPU
		{1617AF51-60DF-4BD8-B577-EC69D7E713D0}.Debug|Any CPU.ActiveCfg = Debug|Any CPU
		{1617AF51-60DF-4BD8-B577-EC69D7E713D0}.Debug|Any CPU.Build.0 = Debug|Any CPU
		{1617AF51-60DF-4BD8-B577-EC69D7E713D0}.Release|Any CPU.ActiveCfg = Release|Any CPU
		{1617AF51-60DF-4BD8-B577-EC69D7E713D0}.Release|Any CPU.Build.0 = Release|Any CPU
		{05C8D945-B22F-4E98-9C10-86826E8AFE7A}.Debug|Any CPU.ActiveCfg = Debug|Any CPU
		{05C8D945-B22F-4E98-9C10-86826E8AFE7A}.Debug|Any CPU.Build.0 = Debug|Any CPU
		{05C8D945-B22F-4E98-9C10-86826E8AFE7A}.Release|Any CPU.ActiveCfg = Release|Any CPU
		{05C8D945-B22F-4E98-9C10-86826E8AFE7A}.Release|Any CPU.Build.0 = Release|Any CPU
		{D00BC0BB-9338-4BDB-AA46-1BDE54077818}.Debug|Any CPU.ActiveCfg = Debug|Any CPU
		{D00BC0BB-9338-4BDB-AA46-1BDE54077818}.Debug|Any CPU.Build.0 = Debug|Any CPU
		{D00BC0BB-9338-4BDB-AA46-1BDE54077818}.Release|Any CPU.ActiveCfg = Release|Any CPU
		{D00BC0BB-9338-4BDB-AA46-1BDE54077818}.Release|Any CPU.Build.0 = Release|Any CPU
		{4194FD46-19BE-48C3-9806-80FD371F5883}.Debug|Any CPU.ActiveCfg = Debug|Any CPU
		{4194FD46-19BE-48C3-9806-80FD371F5883}.Debug|Any CPU.Build.0 = Debug|Any CPU
		{4194FD46-19BE-48C3-9806-80FD371F5883}.Release|Any CPU.ActiveCfg = Release|Any CPU
		{4194FD46-19BE-48C3-9806-80FD371F5883}.Release|Any CPU.Build.0 = Release|Any CPU
		{D5BAF917-A6E5-4D7D-BBA4-ACDC172401A6}.Debug|Any CPU.ActiveCfg = Debug|Any CPU
		{D5BAF917-A6E5-4D7D-BBA4-ACDC172401A6}.Debug|Any CPU.Build.0 = Debug|Any CPU
		{D5BAF917-A6E5-4D7D-BBA4-ACDC172401A6}.Release|Any CPU.ActiveCfg = Release|Any CPU
		{D5BAF917-A6E5-4D7D-BBA4-ACDC172401A6}.Release|Any CPU.Build.0 = Release|Any CPU
		{46C31C68-F544-483D-98FA-EADA2F849910}.Debug|Any CPU.ActiveCfg = Debug|Any CPU
		{46C31C68-F544-483D-98FA-EADA2F849910}.Debug|Any CPU.Build.0 = Debug|Any CPU
		{46C31C68-F544-483D-98FA-EADA2F849910}.Release|Any CPU.ActiveCfg = Release|Any CPU
		{46C31C68-F544-483D-98FA-EADA2F849910}.Release|Any CPU.Build.0 = Release|Any CPU
		{066306F0-67E9-43CE-9403-82BA724DDDE9}.Debug|Any CPU.ActiveCfg = Debug|Any CPU
		{066306F0-67E9-43CE-9403-82BA724DDDE9}.Debug|Any CPU.Build.0 = Debug|Any CPU
		{066306F0-67E9-43CE-9403-82BA724DDDE9}.Release|Any CPU.ActiveCfg = Release|Any CPU
		{066306F0-67E9-43CE-9403-82BA724DDDE9}.Release|Any CPU.Build.0 = Release|Any CPU
		{0A8D691B-E5AC-417D-9CFC-EDFA4558DFF1}.Debug|Any CPU.ActiveCfg = Debug|Any CPU
		{0A8D691B-E5AC-417D-9CFC-EDFA4558DFF1}.Debug|Any CPU.Build.0 = Debug|Any CPU
		{0A8D691B-E5AC-417D-9CFC-EDFA4558DFF1}.Release|Any CPU.ActiveCfg = Release|Any CPU
		{0A8D691B-E5AC-417D-9CFC-EDFA4558DFF1}.Release|Any CPU.Build.0 = Release|Any CPU
		{C33F1388-65B5-4B84-AB90-CFC0E7616D8B}.Debug|Any CPU.ActiveCfg = Debug|Any CPU
		{C33F1388-65B5-4B84-AB90-CFC0E7616D8B}.Debug|Any CPU.Build.0 = Debug|Any CPU
		{C33F1388-65B5-4B84-AB90-CFC0E7616D8B}.Release|Any CPU.ActiveCfg = Release|Any CPU
		{C33F1388-65B5-4B84-AB90-CFC0E7616D8B}.Release|Any CPU.Build.0 = Release|Any CPU
		{1ED4780A-9C83-48D3-8D26-DDBDFA32506D}.Debug|Any CPU.ActiveCfg = Debug|Any CPU
		{1ED4780A-9C83-48D3-8D26-DDBDFA32506D}.Debug|Any CPU.Build.0 = Debug|Any CPU
		{1ED4780A-9C83-48D3-8D26-DDBDFA32506D}.Release|Any CPU.ActiveCfg = Release|Any CPU
		{1ED4780A-9C83-48D3-8D26-DDBDFA32506D}.Release|Any CPU.Build.0 = Release|Any CPU
		{667BC8A2-C6D9-40B7-8CB4-F1D4745EA018}.Debug|Any CPU.ActiveCfg = Debug|Any CPU
		{667BC8A2-C6D9-40B7-8CB4-F1D4745EA018}.Debug|Any CPU.Build.0 = Debug|Any CPU
		{667BC8A2-C6D9-40B7-8CB4-F1D4745EA018}.Release|Any CPU.ActiveCfg = Release|Any CPU
		{667BC8A2-C6D9-40B7-8CB4-F1D4745EA018}.Release|Any CPU.Build.0 = Release|Any CPU
	EndGlobalSection
	GlobalSection(SolutionProperties) = preSolution
		HideSolutionNode = FALSE
	EndGlobalSection
EndGlobal
