
Microsoft Visual Studio Solution File, Format Version 12.00
# Visual Studio 2012
Project("{8BC9CEB8-8B4A-11D0-8D11-00A0C91BC942}") = "RegularTetrahedronFilled", "RegularTetrahedronFilled\RegularTetrahedronFilled.vcxproj", "{55DD1E74-F934-4BA0-9B41-098E7ED998C3}"
EndProject
Global
	GlobalSection(SolutionConfigurationPlatforms) = preSolution
		Debug|Win32 = Debug|Win32
		Release|Win32 = Release|Win32
	EndGlobalSection
	GlobalSection(ProjectConfigurationPlatforms) = postSolution
		{55DD1E74-F934-4BA0-9B41-098E7ED998C3}.Debug|Win32.ActiveCfg = Debug|Win32
		{55DD1E74-F934-4BA0-9B41-098E7ED998C3}.Debug|Win32.Build.0 = Debug|Win32
		{55DD1E74-F934-4BA0-9B41-098E7ED998C3}.Release|Win32.ActiveCfg = Release|Win32
		{55DD1E74-F934-4BA0-9B41-098E7ED998C3}.Release|Win32.Build.0 = Release|Win32
	EndGlobalSection
	GlobalSection(SolutionProperties) = preSolution
		HideSolutionNode = FALSE
	EndGlobalSection
EndGlobal
